// !$*UTF8*$!
{
	archiveVersion = 1;
	classes = {
	};
	objectVersion = 46;
	objects = {

/* Begin PBXBuildFile section */
		B8FCB4C01B52EEB800061437 /* AppDelegate.swift in Sources */ = {isa = PBXBuildFile; fileRef = B8FCB4BF1B52EEB700061437 /* AppDelegate.swift */; };
		B8FCB4C21B52EEB800061437 /* RootViewController.swift in Sources */ = {isa = PBXBuildFile; fileRef = B8FCB4C11B52EEB800061437 /* RootViewController.swift */; };
		B8FCB4C41B52EEB800061437 /* DataViewController.swift in Sources */ = {isa = PBXBuildFile; fileRef = B8FCB4C31B52EEB800061437 /* DataViewController.swift */; };
		B8FCB4C61B52EEB800061437 /* ModelController.swift in Sources */ = {isa = PBXBuildFile; fileRef = B8FCB4C51B52EEB800061437 /* ModelController.swift */; };
		B8FCB4C91B52EEB800061437 /* Main.storyboard in Resources */ = {isa = PBXBuildFile; fileRef = B8FCB4C71B52EEB800061437 /* Main.storyboard */; };
		B8FCB4CB1B52EEB800061437 /* Assets.xcassets in Resources */ = {isa = PBXBuildFile; fileRef = B8FCB4CA1B52EEB800061437 /* Assets.xcassets */; };
		B8FCB4D91B52EEB800061437 /* HungryTests.swift in Sources */ = {isa = PBXBuildFile; fileRef = B8FCB4D81B52EEB800061437 /* HungryTests.swift */; };
		B8FCB4E41B52EEB800061437 /* HungryUITests.swift in Sources */ = {isa = PBXBuildFile; fileRef = B8FCB4E31B52EEB800061437 /* HungryUITests.swift */; };
		B8FCB4F31B52EF8F00061437 /* FBSDKCoreKit.framework in Frameworks */ = {isa = PBXBuildFile; fileRef = B8FCB4F11B52EF8F00061437 /* FBSDKCoreKit.framework */; };
		B8FCB4F41B52EF8F00061437 /* FBSDKLoginKit.framework in Frameworks */ = {isa = PBXBuildFile; fileRef = B8FCB4F21B52EF8F00061437 /* FBSDKLoginKit.framework */; };
/* End PBXBuildFile section */

/* Begin PBXContainerItemProxy section */
		B8FCB4D51B52EEB800061437 /* PBXContainerItemProxy */ = {
			isa = PBXContainerItemProxy;
			containerPortal = B8FCB4B41B52EEB700061437 /* Project object */;
			proxyType = 1;
			remoteGlobalIDString = B8FCB4BB1B52EEB700061437;
			remoteInfo = Hungry;
		};
		B8FCB4E01B52EEB800061437 /* PBXContainerItemProxy */ = {
			isa = PBXContainerItemProxy;
			containerPortal = B8FCB4B41B52EEB700061437 /* Project object */;
			proxyType = 1;
			remoteGlobalIDString = B8FCB4BB1B52EEB700061437;
			remoteInfo = Hungry;
		};
/* End PBXContainerItemProxy section */

/* Begin PBXFileReference section */
		B8FCB4BC1B52EEB700061437 /* Hungry.app */ = {isa = PBXFileReference; explicitFileType = wrapper.application; includeInIndex = 0; path = Hungry.app; sourceTree = BUILT_PRODUCTS_DIR; };
		B8FCB4BF1B52EEB700061437 /* AppDelegate.swift */ = {isa = PBXFileReference; lastKnownFileType = sourcecode.swift; path = AppDelegate.swift; sourceTree = "<group>"; };
		B8FCB4C11B52EEB800061437 /* RootViewController.swift */ = {isa = PBXFileReference; lastKnownFileType = sourcecode.swift; path = RootViewController.swift; sourceTree = "<group>"; };
		B8FCB4C31B52EEB800061437 /* DataViewController.swift */ = {isa = PBXFileReference; lastKnownFileType = sourcecode.swift; path = DataViewController.swift; sourceTree = "<group>"; };
		B8FCB4C51B52EEB800061437 /* ModelController.swift */ = {isa = PBXFileReference; lastKnownFileType = sourcecode.swift; path = ModelController.swift; sourceTree = "<group>"; };
		B8FCB4C81B52EEB800061437 /* Base */ = {isa = PBXFileReference; lastKnownFileType = file.storyboard; name = Base; path = Base.lproj/Main.storyboard; sourceTree = "<group>"; };
		B8FCB4CA1B52EEB800061437 /* Assets.xcassets */ = {isa = PBXFileReference; lastKnownFileType = folder.assetcatalog; path = Assets.xcassets; sourceTree = "<group>"; };
		B8FCB4CF1B52EEB800061437 /* Info.plist */ = {isa = PBXFileReference; lastKnownFileType = text.plist.xml; path = Info.plist; sourceTree = "<group>"; };
		B8FCB4D41B52EEB800061437 /* HungryTests.xctest */ = {isa = PBXFileReference; explicitFileType = wrapper.cfbundle; includeInIndex = 0; path = HungryTests.xctest; sourceTree = BUILT_PRODUCTS_DIR; };
		B8FCB4D81B52EEB800061437 /* HungryTests.swift */ = {isa = PBXFileReference; lastKnownFileType = sourcecode.swift; path = HungryTests.swift; sourceTree = "<group>"; };
		B8FCB4DA1B52EEB800061437 /* Info.plist */ = {isa = PBXFileReference; lastKnownFileType = text.plist.xml; path = Info.plist; sourceTree = "<group>"; };
		B8FCB4DF1B52EEB800061437 /* HungryUITests.xctest */ = {isa = PBXFileReference; explicitFileType = wrapper.cfbundle; includeInIndex = 0; path = HungryUITests.xctest; sourceTree = BUILT_PRODUCTS_DIR; };
		B8FCB4E31B52EEB800061437 /* HungryUITests.swift */ = {isa = PBXFileReference; lastKnownFileType = sourcecode.swift; path = HungryUITests.swift; sourceTree = "<group>"; };
		B8FCB4E51B52EEB800061437 /* Info.plist */ = {isa = PBXFileReference; lastKnownFileType = text.plist.xml; path = Info.plist; sourceTree = "<group>"; };
		B8FCB4F11B52EF8F00061437 /* FBSDKCoreKit.framework */ = {isa = PBXFileReference; lastKnownFileType = wrapper.framework; name = FBSDKCoreKit.framework; path = ../../Documents/FacebookSDK/FBSDKCoreKit.framework; sourceTree = "<group>"; };
		B8FCB4F21B52EF8F00061437 /* FBSDKLoginKit.framework */ = {isa = PBXFileReference; lastKnownFileType = wrapper.framework; name = FBSDKLoginKit.framework; path = ../../Documents/FacebookSDK/FBSDKLoginKit.framework; sourceTree = "<group>"; };
/* End PBXFileReference section */

/* Begin PBXFrameworksBuildPhase section */
		B8FCB4B91B52EEB700061437 /* Frameworks */ = {
			isa = PBXFrameworksBuildPhase;
			buildActionMask = 2147483647;
			files = (
				B8FCB4F31B52EF8F00061437 /* FBSDKCoreKit.framework in Frameworks */,
				B8FCB4F41B52EF8F00061437 /* FBSDKLoginKit.framework in Frameworks */,
			);
			runOnlyForDeploymentPostprocessing = 0;
		};
		B8FCB4D11B52EEB800061437 /* Frameworks */ = {
			isa = PBXFrameworksBuildPhase;
			buildActionMask = 2147483647;
			files = (
			);
			runOnlyForDeploymentPostprocessing = 0;
		};
		B8FCB4DC1B52EEB800061437 /* Frameworks */ = {
			isa = PBXFrameworksBuildPhase;
			buildActionMask = 2147483647;
			files = (
			);
			runOnlyForDeploymentPostprocessing = 0;
		};
/* End PBXFrameworksBuildPhase section */

/* Begin PBXGroup section */
		B8FCB4B31B52EEB700061437 = {
			isa = PBXGroup;
			children = (
				B8FCB4F11B52EF8F00061437 /* FBSDKCoreKit.framework */,
				B8FCB4F21B52EF8F00061437 /* FBSDKLoginKit.framework */,
				B8FCB4BE1B52EEB700061437 /* Hungry */,
				B8FCB4D71B52EEB800061437 /* HungryTests */,
				B8FCB4E21B52EEB800061437 /* HungryUITests */,
				B8FCB4BD1B52EEB700061437 /* Products */,
			);
			sourceTree = "<group>";
		};
		B8FCB4BD1B52EEB700061437 /* Products */ = {
			isa = PBXGroup;
			children = (
				B8FCB4BC1B52EEB700061437 /* Hungry.app */,
				B8FCB4D41B52EEB800061437 /* HungryTests.xctest */,
				B8FCB4DF1B52EEB800061437 /* HungryUITests.xctest */,
			);
			name = Products;
			sourceTree = "<group>";
		};
		B8FCB4BE1B52EEB700061437 /* Hungry */ = {
			isa = PBXGroup;
			children = (
				B8FCB4BF1B52EEB700061437 /* AppDelegate.swift */,
				B8FCB4C11B52EEB800061437 /* RootViewController.swift */,
				B8FCB4C31B52EEB800061437 /* DataViewController.swift */,
				B8FCB4C51B52EEB800061437 /* ModelController.swift */,
				B8FCB4C71B52EEB800061437 /* Main.storyboard */,
				B8FCB4CA1B52EEB800061437 /* Assets.xcassets */,
				B8FCB4CF1B52EEB800061437 /* Info.plist */,
			);
			path = Hungry;
			sourceTree = "<group>";
		};
		B8FCB4D71B52EEB800061437 /* HungryTests */ = {
			isa = PBXGroup;
			children = (
				B8FCB4D81B52EEB800061437 /* HungryTests.swift */,
				B8FCB4DA1B52EEB800061437 /* Info.plist */,
			);
			path = HungryTests;
			sourceTree = "<group>";
		};
		B8FCB4E21B52EEB800061437 /* HungryUITests */ = {
			isa = PBXGroup;
			children = (
				B8FCB4E31B52EEB800061437 /* HungryUITests.swift */,
				B8FCB4E51B52EEB800061437 /* Info.plist */,
			);
			path = HungryUITests;
			sourceTree = "<group>";
		};
/* End PBXGroup section */

/* Begin PBXNativeTarget section */
		B8FCB4BB1B52EEB700061437 /* Hungry */ = {
			isa = PBXNativeTarget;
			buildConfigurationList = B8FCB4E81B52EEB800061437 /* Build configuration list for PBXNativeTarget "Hungry" */;
			buildPhases = (
				B8FCB4B81B52EEB700061437 /* Sources */,
				B8FCB4B91B52EEB700061437 /* Frameworks */,
				B8FCB4BA1B52EEB700061437 /* Resources */,
			);
			buildRules = (
			);
			dependencies = (
			);
			name = Hungry;
			productName = Hungry;
			productReference = B8FCB4BC1B52EEB700061437 /* Hungry.app */;
			productType = "com.apple.product-type.application";
		};
		B8FCB4D31B52EEB800061437 /* HungryTests */ = {
			isa = PBXNativeTarget;
			buildConfigurationList = B8FCB4EB1B52EEB800061437 /* Build configuration list for PBXNativeTarget "HungryTests" */;
			buildPhases = (
				B8FCB4D01B52EEB800061437 /* Sources */,
				B8FCB4D11B52EEB800061437 /* Frameworks */,
				B8FCB4D21B52EEB800061437 /* Resources */,
			);
			buildRules = (
			);
			dependencies = (
				B8FCB4D61B52EEB800061437 /* PBXTargetDependency */,
			);
			name = HungryTests;
			productName = HungryTests;
			productReference = B8FCB4D41B52EEB800061437 /* HungryTests.xctest */;
			productType = "com.apple.product-type.bundle.unit-test";
		};
		B8FCB4DE1B52EEB800061437 /* HungryUITests */ = {
			isa = PBXNativeTarget;
			buildConfigurationList = B8FCB4EE1B52EEB800061437 /* Build configuration list for PBXNativeTarget "HungryUITests" */;
			buildPhases = (
				B8FCB4DB1B52EEB800061437 /* Sources */,
				B8FCB4DC1B52EEB800061437 /* Frameworks */,
				B8FCB4DD1B52EEB800061437 /* Resources */,
			);
			buildRules = (
			);
			dependencies = (
				B8FCB4E11B52EEB800061437 /* PBXTargetDependency */,
			);
			name = HungryUITests;
			productName = HungryUITests;
			productReference = B8FCB4DF1B52EEB800061437 /* HungryUITests.xctest */;
			productType = "com.apple.product-type.bundle.ui-testing";
		};
/* End PBXNativeTarget section */

/* Begin PBXProject section */
		B8FCB4B41B52EEB700061437 /* Project object */ = {
			isa = PBXProject;
			attributes = {
				LastUpgradeCheck = 0700;
				ORGANIZATIONNAME = "Goran Vukovic";
				TargetAttributes = {
					B8FCB4BB1B52EEB700061437 = {
						CreatedOnToolsVersion = 7.0;
					};
					B8FCB4D31B52EEB800061437 = {
						CreatedOnToolsVersion = 7.0;
						TestTargetID = B8FCB4BB1B52EEB700061437;
					};
					B8FCB4DE1B52EEB800061437 = {
						CreatedOnToolsVersion = 7.0;
						TestTargetID = B8FCB4BB1B52EEB700061437;
					};
				};
			};
			buildConfigurationList = B8FCB4B71B52EEB700061437 /* Build configuration list for PBXProject "Hungry" */;
			compatibilityVersion = "Xcode 3.2";
			developmentRegion = English;
			hasScannedForEncodings = 0;
			knownRegions = (
				en,
				Base,
			);
			mainGroup = B8FCB4B31B52EEB700061437;
			productRefGroup = B8FCB4BD1B52EEB700061437 /* Products */;
			projectDirPath = "";
			projectRoot = "";
			targets = (
				B8FCB4BB1B52EEB700061437 /* Hungry */,
				B8FCB4D31B52EEB800061437 /* HungryTests */,
				B8FCB4DE1B52EEB800061437 /* HungryUITests */,
			);
		};
/* End PBXProject section */

/* Begin PBXResourcesBuildPhase section */
		B8FCB4BA1B52EEB700061437 /* Resources */ = {
			isa = PBXResourcesBuildPhase;
			buildActionMask = 2147483647;
			files = (
				B8FCB4CB1B52EEB800061437 /* Assets.xcassets in Resources */,
				B8FCB4C91B52EEB800061437 /* Main.storyboard in Resources */,
			);
			runOnlyForDeploymentPostprocessing = 0;
		};
		B8FCB4D21B52EEB800061437 /* Resources */ = {
			isa = PBXResourcesBuildPhase;
			buildActionMask = 2147483647;
			files = (
			);
			runOnlyForDeploymentPostprocessing = 0;
		};
		B8FCB4DD1B52EEB800061437 /* Resources */ = {
			isa = PBXResourcesBuildPhase;
			buildActionMask = 2147483647;
			files = (
			);
			runOnlyForDeploymentPostprocessing = 0;
		};
/* End PBXResourcesBuildPhase section */

/* Begin PBXSourcesBuildPhase section */
		B8FCB4B81B52EEB700061437 /* Sources */ = {
			isa = PBXSourcesBuildPhase;
			buildActionMask = 2147483647;
			files = (
				B8FCB4C21B52EEB800061437 /* RootViewController.swift in Sources */,
				B8FCB4C61B52EEB800061437 /* ModelController.swift in Sources */,
				B8FCB4C41B52EEB800061437 /* DataViewController.swift in Sources */,
				B8FCB4C01B52EEB800061437 /* AppDelegate.swift in Sources */,
			);
			runOnlyForDeploymentPostprocessing = 0;
		};
		B8FCB4D01B52EEB800061437 /* Sources */ = {
			isa = PBXSourcesBuildPhase;
			buildActionMask = 2147483647;
			files = (
				B8FCB4D91B52EEB800061437 /* HungryTests.swift in Sources */,
			);
			runOnlyForDeploymentPostprocessing = 0;
		};
		B8FCB4DB1B52EEB800061437 /* Sources */ = {
			isa = PBXSourcesBuildPhase;
			buildActionMask = 2147483647;
			files = (
				B8FCB4E41B52EEB800061437 /* HungryUITests.swift in Sources */,
			);
			runOnlyForDeploymentPostprocessing = 0;
		};
/* End PBXSourcesBuildPhase section */

/* Begin PBXTargetDependency section */
		B8FCB4D61B52EEB800061437 /* PBXTargetDependency */ = {
			isa = PBXTargetDependency;
			target = B8FCB4BB1B52EEB700061437 /* Hungry */;
			targetProxy = B8FCB4D51B52EEB800061437 /* PBXContainerItemProxy */;
		};
		B8FCB4E11B52EEB800061437 /* PBXTargetDependency */ = {
			isa = PBXTargetDependency;
			target = B8FCB4BB1B52EEB700061437 /* Hungry */;
			targetProxy = B8FCB4E01B52EEB800061437 /* PBXContainerItemProxy */;
		};
/* End PBXTargetDependency section */

/* Begin PBXVariantGroup section */
		B8FCB4C71B52EEB800061437 /* Main.storyboard */ = {
			isa = PBXVariantGroup;
			children = (
				B8FCB4C81B52EEB800061437 /* Base */,
			);
			name = Main.storyboard;
			sourceTree = "<group>";
		};
/* End PBXVariantGroup section */

/* Begin XCBuildConfiguration section */
		B8FCB4E61B52EEB800061437 /* Debug */ = {
			isa = XCBuildConfiguration;
			buildSettings = {
				ALWAYS_SEARCH_USER_PATHS = NO;
				CLANG_CXX_LANGUAGE_STANDARD = "gnu++0x";
				CLANG_CXX_LIBRARY = "libc++";
				CLANG_ENABLE_MODULES = YES;
				CLANG_ENABLE_OBJC_ARC = YES;
				CLANG_WARN_BOOL_CONVERSION = YES;
				CLANG_WARN_CONSTANT_CONVERSION = YES;
				CLANG_WARN_DIRECT_OBJC_ISA_USAGE = YES_ERROR;
				CLANG_WARN_EMPTY_BODY = YES;
				CLANG_WARN_ENUM_CONVERSION = YES;
				CLANG_WARN_INT_CONVERSION = YES;
				CLANG_WARN_OBJC_ROOT_CLASS = YES_ERROR;
				CLANG_WARN_UNREACHABLE_CODE = YES;
				CLANG_WARN__DUPLICATE_METHOD_MATCH = YES;
				"CODE_SIGN_IDENTITY[sdk=iphoneos*]" = "iPhone Developer";
				COPY_PHASE_STRIP = NO;
				DEBUG_INFORMATION_FORMAT = dwarf;
				ENABLE_STRICT_OBJC_MSGSEND = YES;
				ENABLE_TESTABILITY = YES;
				GCC_C_LANGUAGE_STANDARD = gnu99;
				GCC_DYNAMIC_NO_PIC = NO;
				GCC_NO_COMMON_BLOCKS = YES;
				GCC_OPTIMIZATION_LEVEL = 0;
				GCC_PREPROCESSOR_DEFINITIONS = (
					"DEBUG=1",
					"$(inherited)",
				);
				GCC_WARN_64_TO_32_BIT_CONVERSION = YES;
				GCC_WARN_ABOUT_RETURN_TYPE = YES_ERROR;
				GCC_WARN_UNDECLARED_SELECTOR = YES;
				GCC_WARN_UNINITIALIZED_AUTOS = YES_AGGRESSIVE;
				GCC_WARN_UNUSED_FUNCTION = YES;
				GCC_WARN_UNUSED_VARIABLE = YES;
				IPHONEOS_DEPLOYMENT_TARGET = 9.0;
				MTL_ENABLE_DEBUG_INFO = YES;
				ONLY_ACTIVE_ARCH = YES;
				SDKROOT = iphoneos;
				SWIFT_OPTIMIZATION_LEVEL = "-Onone";
			};
			name = Debug;
		};
		B8FCB4E71B52EEB800061437 /* Release */ = {
			isa = XCBuildConfiguration;
			buildSettings = {
				ALWAYS_SEARCH_USER_PATHS = NO;
				CLANG_CXX_LANGUAGE_STANDARD = "gnu++0x";
				CLANG_CXX_LIBRARY = "libc++";
				CLANG_ENABLE_MODULES = YES;
				CLANG_ENABLE_OBJC_ARC = YES;
				CLANG_WARN_BOOL_CONVERSION = YES;
				CLANG_WARN_CONSTANT_CONVERSION = YES;
				CLANG_WARN_DIRECT_OBJC_ISA_USAGE = YES_ERROR;
				CLANG_WARN_EMPTY_BODY = YES;
				CLANG_WARN_ENUM_CONVERSION = YES;
				CLANG_WARN_INT_CONVERSION = YES;
				CLANG_WARN_OBJC_ROOT_CLASS = YES_ERROR;
				CLANG_WARN_UNREACHABLE_CODE = YES;
				CLANG_WARN__DUPLICATE_METHOD_MATCH = YES;
				"CODE_SIGN_IDENTITY[sdk=iphoneos*]" = "iPhone Developer";
				COPY_PHASE_STRIP = NO;
				DEBUG_INFORMATION_FORMAT = "dwarf-with-dsym";
				ENABLE_NS_ASSERTIONS = NO;
				ENABLE_STRICT_OBJC_MSGSEND = YES;
				GCC_C_LANGUAGE_STANDARD = gnu99;
				GCC_NO_COMMON_BLOCKS = YES;
				GCC_WARN_64_TO_32_BIT_CONVERSION = YES;
				GCC_WARN_ABOUT_RETURN_TYPE = YES_ERROR;
				GCC_WARN_UNDECLARED_SELECTOR = YES;
				GCC_WARN_UNINITIALIZED_AUTOS = YES_AGGRESSIVE;
				GCC_WARN_UNUSED_FUNCTION = YES;
				GCC_WARN_UNUSED_VARIABLE = YES;
				IPHONEOS_DEPLOYMENT_TARGET = 9.0;
				MTL_ENABLE_DEBUG_INFO = NO;
				SDKROOT = iphoneos;
				VALIDATE_PRODUCT = YES;
			};
			name = Release;
		};
		B8FCB4E91B52EEB800061437 /* Debug */ = {
			isa = XCBuildConfiguration;
			buildSettings = {
				ASSETCATALOG_COMPILER_APPICON_NAME = AppIcon;
				CLANG_ALLOW_NON_MODULAR_INCLUDES_IN_FRAMEWORK_MODULES = YES;
				ENABLE_BITCODE = NO;
				FRAMEWORK_SEARCH_PATHS = "\"~/Documents/FacebookSDK\"";
				INFOPLIST_FILE = Hungry/Info.plist;
				LD_RUNPATH_SEARCH_PATHS = "$(inherited) @executable_path/Frameworks";
				PRODUCT_BUNDLE_IDENTIFIER = BeBiGo.Hungry;
				PRODUCT_NAME = "$(TARGET_NAME)";
			};
			name = Debug;
		};
		B8FCB4EA1B52EEB800061437 /* Release */ = {
			isa = XCBuildConfiguration;
			buildSettings = {
				ASSETCATALOG_COMPILER_APPICON_NAME = AppIcon;
				CLANG_ALLOW_NON_MODULAR_INCLUDES_IN_FRAMEWORK_MODULES = YES;
				ENABLE_BITCODE = NO;
				FRAMEWORK_SEARCH_PATHS = "\"~/Documents/FacebookSDK\"";
				INFOPLIST_FILE = Hungry/Info.plist;
				LD_RUNPATH_SEARCH_PATHS = "$(inherited) @executable_path/Frameworks";
				PRODUCT_BUNDLE_IDENTIFIER = BeBiGo.Hungry;
				PRODUCT_NAME = "$(TARGET_NAME)";
			};
			name = Release;
		};
		B8FCB4EC1B52EEB800061437 /* Debug */ = {
			isa = XCBuildConfiguration;
			buildSettings = {
				BUNDLE_LOADER = "$(TEST_HOST)";
				INFOPLIST_FILE = HungryTests/Info.plist;
				LD_RUNPATH_SEARCH_PATHS = "$(inherited) @executable_path/Frameworks @loader_path/Frameworks";
				PRODUCT_BUNDLE_IDENTIFIER = BeBiGo.HungryTests;
				PRODUCT_NAME = "$(TARGET_NAME)";
				TEST_HOST = "$(BUILT_PRODUCTS_DIR)/Hungry.app/Hungry";
			};
			name = Debug;
		};
		B8FCB4ED1B52EEB800061437 /* Release */ = {
			isa = XCBuildConfiguration;
			buildSettings = {
				BUNDLE_LOADER = "$(TEST_HOST)";
				INFOPLIST_FILE = HungryTests/Info.plist;
				LD_RUNPATH_SEARCH_PATHS = "$(inherited) @executable_path/Frameworks @loader_path/Frameworks";
				PRODUCT_BUNDLE_IDENTIFIER = BeBiGo.HungryTests;
				PRODUCT_NAME = "$(TARGET_NAME)";
				TEST_HOST = "$(BUILT_PRODUCTS_DIR)/Hungry.app/Hungry";
			};
			name = Release;
		};
		B8FCB4EF1B52EEB800061437 /* Debug */ = {
			isa = XCBuildConfiguration;
			buildSettings = {
				INFOPLIST_FILE = HungryUITests/Info.plist;
				LD_RUNPATH_SEARCH_PATHS = "$(inherited) @executable_path/Frameworks @loader_path/Frameworks";
				PRODUCT_BUNDLE_IDENTIFIER = BeBiGo.HungryUITests;
				PRODUCT_NAME = "$(TARGET_NAME)";
				TEST_TARGET_NAME = Hungry;
				USES_XCTRUNNER = YES;
			};
			name = Debug;
		};
		B8FCB4F01B52EEB800061437 /* Release */ = {
			isa = XCBuildConfiguration;
			buildSettings = {
				INFOPLIST_FILE = HungryUITests/Info.plist;
				LD_RUNPATH_SEARCH_PATHS = "$(inherited) @executable_path/Frameworks @loader_path/Frameworks";
				PRODUCT_BUNDLE_IDENTIFIER = BeBiGo.HungryUITests;
				PRODUCT_NAME = "$(TARGET_NAME)";
				TEST_TARGET_NAME = Hungry;
				USES_XCTRUNNER = YES;
			};
			name = Release;
		};
/* End XCBuildConfiguration section */

/* Begin XCConfigurationList section */
		B8FCB4B71B52EEB700061437 /* Build configuration list for PBXProject "Hungry" */ = {
			isa = XCConfigurationList;
			buildConfigurations = (
				B8FCB4E61B52EEB800061437 /* Debug */,
				B8FCB4E71B52EEB800061437 /* Release */,
			);
			defaultConfigurationIsVisible = 0;
			defaultConfigurationName = Release;
		};
		B8FCB4E81B52EEB800061437 /* Build configuration list for PBXNativeTarget "Hungry" */ = {
			isa = XCConfigurationList;
			buildConfigurations = (
				B8FCB4E91B52EEB800061437 /* Debug */,
				B8FCB4EA1B52EEB800061437 /* Release */,
			);
			defaultConfigurationIsVisible = 0;
			defaultConfigurationName = Release;
		};
		B8FCB4EB1B52EEB800061437 /* Build configuration list for PBXNativeTarget "HungryTests" */ = {
			isa = XCConfigurationList;
			buildConfigurations = (
				B8FCB4EC1B52EEB800061437 /* Debug */,
				B8FCB4ED1B52EEB800061437 /* Release */,
			);
			defaultConfigurationIsVisible = 0;
			defaultConfigurationName = Release;
		};
		B8FCB4EE1B52EEB800061437 /* Build configuration list for PBXNativeTarget "HungryUITests" */ = {
			isa = XCConfigurationList;
			buildConfigurations = (
				B8FCB4EF1B52EEB800061437 /* Debug */,
				B8FCB4F01B52EEB800061437 /* Release */,
			);
			defaultConfigurationIsVisible = 0;
			defaultConfigurationName = Release;
		};
/* End XCConfigurationList section */
	};
	rootObject = B8FCB4B41B52EEB700061437 /* Project object */;
}
