// !$*UTF8*$!
{
	archiveVersion = 1;
	classes = {
	};
	objectVersion = 46;
	objects = {

/* Begin PBXBuildFile section */
		B82A90B81B62C0BC00D527D2 /* FindMyCoords.swift in Sources */ = {isa = PBXBuildFile; fileRef = B82A90B71B62C0BC00D527D2 /* FindMyCoords.swift */; };
		B8521A781B6843E000DC5A83 /* CameraViewController.swift in Sources */ = {isa = PBXBuildFile; fileRef = B8521A771B6843E000DC5A83 /* CameraViewController.swift */; };
		B8521A891B690AF100DC5A83 /* placeholder.png in Resources */ = {isa = PBXBuildFile; fileRef = B8521A881B690AF100DC5A83 /* placeholder.png */; };
		B8521A8B1B690B0800DC5A83 /* Just.swift in Sources */ = {isa = PBXBuildFile; fileRef = B8521A8A1B690B0800DC5A83 /* Just.swift */; };
		B8521A961B696C1800DC5A83 /* placeholder-camera-green.png in Resources */ = {isa = PBXBuildFile; fileRef = B8521A941B696C1800DC5A83 /* placeholder-camera-green.png */; };
		B8521A971B696C1800DC5A83 /* placeholder_large.png in Resources */ = {isa = PBXBuildFile; fileRef = B8521A951B696C1800DC5A83 /* placeholder_large.png */; };
		B8521AA61B69B13200DC5A83 /* FriendClass.swift in Sources */ = {isa = PBXBuildFile; fileRef = B8521AA51B69B13200DC5A83 /* FriendClass.swift */; };
		B8521AA81B69F64600DC5A83 /* FriendViewController.swift in Sources */ = {isa = PBXBuildFile; fileRef = B8521AA71B69F64600DC5A83 /* FriendViewController.swift */; };
		B8521AAA1B69FDBF00DC5A83 /* FriendCell.swift in Sources */ = {isa = PBXBuildFile; fileRef = B8521AA91B69FDBF00DC5A83 /* FriendCell.swift */; };
		B8521AAC1B6A045000DC5A83 /* FBInfo.swift in Sources */ = {isa = PBXBuildFile; fileRef = B8521AAB1B6A045000DC5A83 /* FBInfo.swift */; };
		B8521AB01B6A1F2300DC5A83 /* HistoryViewController.swift in Sources */ = {isa = PBXBuildFile; fileRef = B8521AAF1B6A1F2300DC5A83 /* HistoryViewController.swift */; };
		B8521AB21B6A320500DC5A83 /* 55e2542c82f8e48c502381d8cbc78b15.jpg in Resources */ = {isa = PBXBuildFile; fileRef = B8521AB11B6A320500DC5A83 /* 55e2542c82f8e48c502381d8cbc78b15.jpg */; };
		B8521AB41B6A345800DC5A83 /* icon_heart.png in Resources */ = {isa = PBXBuildFile; fileRef = B8521AB31B6A345800DC5A83 /* icon_heart.png */; };
		B8521AB61B6A345B00DC5A83 /* icon_yelp.png in Resources */ = {isa = PBXBuildFile; fileRef = B8521AB51B6A345B00DC5A83 /* icon_yelp.png */; };
		B8521AB81B6A346300DC5A83 /* icon_info.png in Resources */ = {isa = PBXBuildFile; fileRef = B8521AB71B6A346300DC5A83 /* icon_info.png */; };
		B8521ABA1B6A346800DC5A83 /* icon_thumb.png in Resources */ = {isa = PBXBuildFile; fileRef = B8521AB91B6A346800DC5A83 /* icon_thumb.png */; };
		B8521ABC1B6A346C00DC5A83 /* icon_thumb_down.png in Resources */ = {isa = PBXBuildFile; fileRef = B8521ABB1B6A346C00DC5A83 /* icon_thumb_down.png */; };
		B85C46731B66942B00588494 /* FBSDKShareKit.framework in Frameworks */ = {isa = PBXBuildFile; fileRef = B85C46721B66942B00588494 /* FBSDKShareKit.framework */; };
		B85C46771B66AFE600588494 /* filterBG.jpg in Resources */ = {isa = PBXBuildFile; fileRef = B85C46761B66AFE600588494 /* filterBG.jpg */; };
		B85C46791B66B0D600588494 /* pink.jpg in Resources */ = {isa = PBXBuildFile; fileRef = B85C46781B66B0D600588494 /* pink.jpg */; };
		B8655DAC1B5F16F1003D465F /* Default.png in Resources */ = {isa = PBXBuildFile; fileRef = B8655DAB1B5F16F1003D465F /* Default.png */; };
		B87125AD1B592E7E0002BE46 /* JSONData.swift in Sources */ = {isa = PBXBuildFile; fileRef = B87125AC1B592E7E0002BE46 /* JSONData.swift */; };
		B87125AF1B593A050002BE46 /* Threading.swift in Sources */ = {isa = PBXBuildFile; fileRef = B87125AE1B593A050002BE46 /* Threading.swift */; };
		B87125B51B595AED0002BE46 /* Heart.png in Resources */ = {isa = PBXBuildFile; fileRef = B87125B41B595AED0002BE46 /* Heart.png */; };
		B87125B71B595D740002BE46 /* Stars.png in Resources */ = {isa = PBXBuildFile; fileRef = B87125B61B595D740002BE46 /* Stars.png */; };
		B87125BA1B59609A0002BE46 /* Cancel.png in Resources */ = {isa = PBXBuildFile; fileRef = B87125B81B59609A0002BE46 /* Cancel.png */; };
		B87125BB1B59609A0002BE46 /* Mark.png in Resources */ = {isa = PBXBuildFile; fileRef = B87125B91B59609A0002BE46 /* Mark.png */; };
		B8730A601B5AA2DB00EAAAA0 /* Widget.swift in Sources */ = {isa = PBXBuildFile; fileRef = B8730A5E1B5AA2DB00EAAAA0 /* Widget.swift */; };
		B8730A611B5AA2DB00EAAAA0 /* Widget.xib in Resources */ = {isa = PBXBuildFile; fileRef = B8730A5F1B5AA2DB00EAAAA0 /* Widget.xib */; };
		B8730A631B5AB43500EAAAA0 /* Load.png in Resources */ = {isa = PBXBuildFile; fileRef = B8730A621B5AB43500EAAAA0 /* Load.png */; };
		B8730A691B5BFCBC00EAAAA0 /* ThirdViewControllerDetail.swift in Sources */ = {isa = PBXBuildFile; fileRef = B8730A681B5BFCBC00EAAAA0 /* ThirdViewControllerDetail.swift */; };
		B8730A6B1B5C242000EAAAA0 /* MapDetailController.swift in Sources */ = {isa = PBXBuildFile; fileRef = B8730A6A1B5C242000EAAAA0 /* MapDetailController.swift */; };
		B8730A6D1B5C2A6D00EAAAA0 /* MapAnnotations.swift in Sources */ = {isa = PBXBuildFile; fileRef = B8730A6C1B5C2A6D00EAAAA0 /* MapAnnotations.swift */; };
		B8730A6F1B5C2E2000EAAAA0 /* MapKit.framework in Frameworks */ = {isa = PBXBuildFile; fileRef = B8730A6E1B5C2E2000EAAAA0 /* MapKit.framework */; };
		B8730A711B5C2EE100EAAAA0 /* MapController.swift in Sources */ = {isa = PBXBuildFile; fileRef = B8730A701B5C2EE100EAAAA0 /* MapController.swift */; };
		B896ACF51B62BBCB004A218C /* CoreLocation.framework in Frameworks */ = {isa = PBXBuildFile; fileRef = B896ACF41B62BBCB004A218C /* CoreLocation.framework */; };
		B8981E3A1B666967000A5C42 /* FourthViewController.swift in Sources */ = {isa = PBXBuildFile; fileRef = B8981E381B666967000A5C42 /* FourthViewController.swift */; };
		B8981E3B1B666967000A5C42 /* PlistManager.swift in Sources */ = {isa = PBXBuildFile; fileRef = B8981E391B666967000A5C42 /* PlistManager.swift */; };
		B8981E3D1B667655000A5C42 /* Favoriten.plist in Resources */ = {isa = PBXBuildFile; fileRef = B8981E3C1B667655000A5C42 /* Favoriten.plist */; };
		B8A1C3071B680A900004916C /* Upload_Test.swift in Sources */ = {isa = PBXBuildFile; fileRef = B8A1C3061B680A900004916C /* Upload_Test.swift */; };
		B8A1C35A1B68420C0004916C /* ALCameraView.strings in Resources */ = {isa = PBXBuildFile; fileRef = B8A1C3481B68420C0004916C /* ALCameraView.strings */; };
		B8A1C35B1B68420C0004916C /* ALCameraViewAssets.xcassets in Resources */ = {isa = PBXBuildFile; fileRef = B8A1C3491B68420C0004916C /* ALCameraViewAssets.xcassets */; };
		B8A1C35C1B68420C0004916C /* ALImageModel.swift in Sources */ = {isa = PBXBuildFile; fileRef = B8A1C34B1B68420C0004916C /* ALImageModel.swift */; };
		B8A1C35D1B68420C0004916C /* ALCameraShot.swift in Sources */ = {isa = PBXBuildFile; fileRef = B8A1C34D1B68420C0004916C /* ALCameraShot.swift */; };
		B8A1C35E1B68420C0004916C /* ALImageFetchingInteractor.swift in Sources */ = {isa = PBXBuildFile; fileRef = B8A1C34E1B68420C0004916C /* ALImageFetchingInteractor.swift */; };
		B8A1C35F1B68420C0004916C /* ALUtilities.swift in Sources */ = {isa = PBXBuildFile; fileRef = B8A1C34F1B68420C0004916C /* ALUtilities.swift */; };
		B8A1C3601B68420C0004916C /* ALCameraViewController.swift in Sources */ = {isa = PBXBuildFile; fileRef = B8A1C3511B68420C0004916C /* ALCameraViewController.swift */; };
		B8A1C3611B68420C0004916C /* ALConfirmViewController.swift in Sources */ = {isa = PBXBuildFile; fileRef = B8A1C3521B68420C0004916C /* ALConfirmViewController.swift */; };
		B8A1C3621B68420C0004916C /* ALImagePickerViewController.swift in Sources */ = {isa = PBXBuildFile; fileRef = B8A1C3531B68420C0004916C /* ALImagePickerViewController.swift */; };
		B8A1C3631B68420C0004916C /* ALImagePickerViewDelegate.swift in Sources */ = {isa = PBXBuildFile; fileRef = B8A1C3541B68420C0004916C /* ALImagePickerViewDelegate.swift */; };
		B8A1C3641B68420C0004916C /* ALCameraView.swift in Sources */ = {isa = PBXBuildFile; fileRef = B8A1C3561B68420C0004916C /* ALCameraView.swift */; };
		B8A1C3651B68420C0004916C /* ALCropOverlay.swift in Sources */ = {isa = PBXBuildFile; fileRef = B8A1C3571B68420C0004916C /* ALCropOverlay.swift */; };
		B8A1C3661B68420C0004916C /* ALImageCell.swift in Sources */ = {isa = PBXBuildFile; fileRef = B8A1C3581B68420C0004916C /* ALImageCell.swift */; };
		B8A1C3671B68420C0004916C /* ALPermissionsView.swift in Sources */ = {isa = PBXBuildFile; fileRef = B8A1C3591B68420C0004916C /* ALPermissionsView.swift */; };
		B8AC465C1B53143300A9A1FD /* AppDelegate.swift in Sources */ = {isa = PBXBuildFile; fileRef = B8AC465B1B53143300A9A1FD /* AppDelegate.swift */; };
		B8AC465E1B53143300A9A1FD /* ViewController.swift in Sources */ = {isa = PBXBuildFile; fileRef = B8AC465D1B53143300A9A1FD /* ViewController.swift */; };
		B8AC46611B53143300A9A1FD /* Main.storyboard in Resources */ = {isa = PBXBuildFile; fileRef = B8AC465F1B53143300A9A1FD /* Main.storyboard */; };
		B8AC46641B53143300A9A1FD /* Hungry.xcdatamodeld in Sources */ = {isa = PBXBuildFile; fileRef = B8AC46621B53143300A9A1FD /* Hungry.xcdatamodeld */; };
		B8AC46661B53143300A9A1FD /* Assets.xcassets in Resources */ = {isa = PBXBuildFile; fileRef = B8AC46651B53143300A9A1FD /* Assets.xcassets */; };
		B8AC46741B53143300A9A1FD /* HungryTests.swift in Sources */ = {isa = PBXBuildFile; fileRef = B8AC46731B53143300A9A1FD /* HungryTests.swift */; };
		B8AC467F1B53143300A9A1FD /* HungryUITests.swift in Sources */ = {isa = PBXBuildFile; fileRef = B8AC467E1B53143300A9A1FD /* HungryUITests.swift */; };
		B8AC468E1B5314BD00A9A1FD /* FBSDKCoreKit.framework in Frameworks */ = {isa = PBXBuildFile; fileRef = B8AC468C1B5314BD00A9A1FD /* FBSDKCoreKit.framework */; };
		B8AC468F1B5314BD00A9A1FD /* FBSDKLoginKit.framework in Frameworks */ = {isa = PBXBuildFile; fileRef = B8AC468D1B5314BD00A9A1FD /* FBSDKLoginKit.framework */; };
		B8B87EDD1B54372C00DEFD60 /* RestApiManager.swift in Sources */ = {isa = PBXBuildFile; fileRef = B8B87EDC1B54372C00DEFD60 /* RestApiManager.swift */; };
		B8B87EDF1B54415700DEFD60 /* SwiftyJSON.swift in Sources */ = {isa = PBXBuildFile; fileRef = B8B87EDE1B54415700DEFD60 /* SwiftyJSON.swift */; };
		B8C454021B54249600A80437 /* SecondViewController.swift in Sources */ = {isa = PBXBuildFile; fileRef = B8C454011B54249600A80437 /* SecondViewController.swift */; };
		B8C454041B54263B00A80437 /* Default-568h@2x.png in Resources */ = {isa = PBXBuildFile; fileRef = B8C454031B54263B00A80437 /* Default-568h@2x.png */; };
		B8C5A1B91B5516E400EF437B /* GPS_Calculator.swift in Sources */ = {isa = PBXBuildFile; fileRef = B8C5A1B81B5516E400EF437B /* GPS_Calculator.swift */; };
		B8F7DA0B1B56D1F900D9C6B7 /* ThirdViewController.swift in Sources */ = {isa = PBXBuildFile; fileRef = B8F7DA0A1B56D1F900D9C6B7 /* ThirdViewController.swift */; };
		B8F90E061B656F08003A5E1C /* FilterViewController.swift in Sources */ = {isa = PBXBuildFile; fileRef = B8F90E051B656F08003A5E1C /* FilterViewController.swift */; };
		B8F90E091B657B3D003A5E1C /* Images.xcassets in Resources */ = {isa = PBXBuildFile; fileRef = B8F90E081B657B3D003A5E1C /* Images.xcassets */; };
		B8F90E0B1B65887B003A5E1C /* FavList.swift in Sources */ = {isa = PBXBuildFile; fileRef = B8F90E0A1B65887B003A5E1C /* FavList.swift */; };
/* End PBXBuildFile section */

/* Begin PBXContainerItemProxy section */
		B8AC46701B53143300A9A1FD /* PBXContainerItemProxy */ = {
			isa = PBXContainerItemProxy;
			containerPortal = B8AC46501B53143300A9A1FD /* Project object */;
			proxyType = 1;
			remoteGlobalIDString = B8AC46571B53143300A9A1FD;
			remoteInfo = Hungry;
		};
		B8AC467B1B53143300A9A1FD /* PBXContainerItemProxy */ = {
			isa = PBXContainerItemProxy;
			containerPortal = B8AC46501B53143300A9A1FD /* Project object */;
			proxyType = 1;
			remoteGlobalIDString = B8AC46571B53143300A9A1FD;
			remoteInfo = Hungry;
		};
/* End PBXContainerItemProxy section */

/* Begin PBXFileReference section */
		B82A90B71B62C0BC00D527D2 /* FindMyCoords.swift */ = {isa = PBXFileReference; fileEncoding = 4; lastKnownFileType = sourcecode.swift; path = FindMyCoords.swift; sourceTree = "<group>"; };
		B8521A771B6843E000DC5A83 /* CameraViewController.swift */ = {isa = PBXFileReference; fileEncoding = 4; lastKnownFileType = sourcecode.swift; path = CameraViewController.swift; sourceTree = "<group>"; };
		B8521A881B690AF100DC5A83 /* placeholder.png */ = {isa = PBXFileReference; lastKnownFileType = image.png; name = placeholder.png; path = Hungry/placeholder.png; sourceTree = SOURCE_ROOT; };
		B8521A8A1B690B0800DC5A83 /* Just.swift */ = {isa = PBXFileReference; fileEncoding = 4; lastKnownFileType = sourcecode.swift; name = Just.swift; path = Hungry/Just.swift; sourceTree = SOURCE_ROOT; };
		B8521A941B696C1800DC5A83 /* placeholder-camera-green.png */ = {isa = PBXFileReference; lastKnownFileType = image.png; name = "placeholder-camera-green.png"; path = "../../../../Downloads/placeholder-camera-green.png"; sourceTree = "<group>"; };
		B8521A951B696C1800DC5A83 /* placeholder_large.png */ = {isa = PBXFileReference; lastKnownFileType = image.png; name = placeholder_large.png; path = ../../../../Downloads/placeholder_large.png; sourceTree = "<group>"; };
		B8521AA51B69B13200DC5A83 /* FriendClass.swift */ = {isa = PBXFileReference; fileEncoding = 4; lastKnownFileType = sourcecode.swift; path = FriendClass.swift; sourceTree = "<group>"; };
		B8521AA71B69F64600DC5A83 /* FriendViewController.swift */ = {isa = PBXFileReference; fileEncoding = 4; lastKnownFileType = sourcecode.swift; path = FriendViewController.swift; sourceTree = "<group>"; };
		B8521AA91B69FDBF00DC5A83 /* FriendCell.swift */ = {isa = PBXFileReference; fileEncoding = 4; lastKnownFileType = sourcecode.swift; path = FriendCell.swift; sourceTree = "<group>"; };
		B8521AAB1B6A045000DC5A83 /* FBInfo.swift */ = {isa = PBXFileReference; fileEncoding = 4; lastKnownFileType = sourcecode.swift; path = FBInfo.swift; sourceTree = "<group>"; };
		B8521AAF1B6A1F2300DC5A83 /* HistoryViewController.swift */ = {isa = PBXFileReference; fileEncoding = 4; lastKnownFileType = sourcecode.swift; path = HistoryViewController.swift; sourceTree = "<group>"; };
		B8521AB11B6A320500DC5A83 /* 55e2542c82f8e48c502381d8cbc78b15.jpg */ = {isa = PBXFileReference; lastKnownFileType = image.jpeg; path = 55e2542c82f8e48c502381d8cbc78b15.jpg; sourceTree = "<group>"; };
		B8521AB31B6A345800DC5A83 /* icon_heart.png */ = {isa = PBXFileReference; lastKnownFileType = image.png; path = icon_heart.png; sourceTree = "<group>"; };
		B8521AB51B6A345B00DC5A83 /* icon_yelp.png */ = {isa = PBXFileReference; lastKnownFileType = image.png; path = icon_yelp.png; sourceTree = "<group>"; };
		B8521AB71B6A346300DC5A83 /* icon_info.png */ = {isa = PBXFileReference; lastKnownFileType = image.png; path = icon_info.png; sourceTree = "<group>"; };
		B8521AB91B6A346800DC5A83 /* icon_thumb.png */ = {isa = PBXFileReference; lastKnownFileType = image.png; path = icon_thumb.png; sourceTree = "<group>"; };
		B8521ABB1B6A346C00DC5A83 /* icon_thumb_down.png */ = {isa = PBXFileReference; lastKnownFileType = image.png; path = icon_thumb_down.png; sourceTree = "<group>"; };
		B85C46721B66942B00588494 /* FBSDKShareKit.framework */ = {isa = PBXFileReference; lastKnownFileType = wrapper.framework; name = FBSDKShareKit.framework; path = ../../Documents/FacebookSDK/FBSDKShareKit.framework; sourceTree = "<group>"; };
		B85C46761B66AFE600588494 /* filterBG.jpg */ = {isa = PBXFileReference; lastKnownFileType = image.jpeg; path = filterBG.jpg; sourceTree = "<group>"; };
		B85C46781B66B0D600588494 /* pink.jpg */ = {isa = PBXFileReference; lastKnownFileType = image.jpeg; path = pink.jpg; sourceTree = "<group>"; };
		B8655DAB1B5F16F1003D465F /* Default.png */ = {isa = PBXFileReference; lastKnownFileType = image.png; path = Default.png; sourceTree = "<group>"; };
		B87125AC1B592E7E0002BE46 /* JSONData.swift */ = {isa = PBXFileReference; fileEncoding = 4; lastKnownFileType = sourcecode.swift; path = JSONData.swift; sourceTree = "<group>"; };
		B87125AE1B593A050002BE46 /* Threading.swift */ = {isa = PBXFileReference; fileEncoding = 4; lastKnownFileType = sourcecode.swift; path = Threading.swift; sourceTree = "<group>"; };
		B87125B41B595AED0002BE46 /* Heart.png */ = {isa = PBXFileReference; lastKnownFileType = image.png; path = Heart.png; sourceTree = "<group>"; };
		B87125B61B595D740002BE46 /* Stars.png */ = {isa = PBXFileReference; lastKnownFileType = image.png; path = Stars.png; sourceTree = "<group>"; };
		B87125B81B59609A0002BE46 /* Cancel.png */ = {isa = PBXFileReference; lastKnownFileType = image.png; path = Cancel.png; sourceTree = "<group>"; };
		B87125B91B59609A0002BE46 /* Mark.png */ = {isa = PBXFileReference; lastKnownFileType = image.png; path = Mark.png; sourceTree = "<group>"; };
		B8730A5E1B5AA2DB00EAAAA0 /* Widget.swift */ = {isa = PBXFileReference; fileEncoding = 4; lastKnownFileType = sourcecode.swift; path = Widget.swift; sourceTree = "<group>"; };
		B8730A5F1B5AA2DB00EAAAA0 /* Widget.xib */ = {isa = PBXFileReference; fileEncoding = 4; lastKnownFileType = file.xib; path = Widget.xib; sourceTree = "<group>"; };
		B8730A621B5AB43500EAAAA0 /* Load.png */ = {isa = PBXFileReference; lastKnownFileType = image.png; path = Load.png; sourceTree = "<group>"; };
		B8730A681B5BFCBC00EAAAA0 /* ThirdViewControllerDetail.swift */ = {isa = PBXFileReference; fileEncoding = 4; lastKnownFileType = sourcecode.swift; path = ThirdViewControllerDetail.swift; sourceTree = "<group>"; };
		B8730A6A1B5C242000EAAAA0 /* MapDetailController.swift */ = {isa = PBXFileReference; fileEncoding = 4; lastKnownFileType = sourcecode.swift; path = MapDetailController.swift; sourceTree = "<group>"; };
		B8730A6C1B5C2A6D00EAAAA0 /* MapAnnotations.swift */ = {isa = PBXFileReference; fileEncoding = 4; lastKnownFileType = sourcecode.swift; path = MapAnnotations.swift; sourceTree = "<group>"; };
		B8730A6E1B5C2E2000EAAAA0 /* MapKit.framework */ = {isa = PBXFileReference; lastKnownFileType = wrapper.framework; name = MapKit.framework; path = System/Library/Frameworks/MapKit.framework; sourceTree = SDKROOT; };
		B8730A701B5C2EE100EAAAA0 /* MapController.swift */ = {isa = PBXFileReference; fileEncoding = 4; lastKnownFileType = sourcecode.swift; path = MapController.swift; sourceTree = "<group>"; };
		B896ACF41B62BBCB004A218C /* CoreLocation.framework */ = {isa = PBXFileReference; lastKnownFileType = wrapper.framework; name = CoreLocation.framework; path = System/Library/Frameworks/CoreLocation.framework; sourceTree = SDKROOT; };
		B8981E381B666967000A5C42 /* FourthViewController.swift */ = {isa = PBXFileReference; fileEncoding = 4; lastKnownFileType = sourcecode.swift; path = FourthViewController.swift; sourceTree = "<group>"; };
		B8981E391B666967000A5C42 /* PlistManager.swift */ = {isa = PBXFileReference; fileEncoding = 4; lastKnownFileType = sourcecode.swift; path = PlistManager.swift; sourceTree = "<group>"; };
		B8981E3C1B667655000A5C42 /* Favoriten.plist */ = {isa = PBXFileReference; fileEncoding = 4; lastKnownFileType = text.plist.xml; path = Favoriten.plist; sourceTree = "<group>"; };
		B8A1C3061B680A900004916C /* Upload_Test.swift */ = {isa = PBXFileReference; fileEncoding = 4; lastKnownFileType = sourcecode.swift; path = Upload_Test.swift; sourceTree = "<group>"; };
		B8A1C3481B68420C0004916C /* ALCameraView.strings */ = {isa = PBXFileReference; fileEncoding = 4; lastKnownFileType = text.plist.strings; path = ALCameraView.strings; sourceTree = "<group>"; };
		B8A1C3491B68420C0004916C /* ALCameraViewAssets.xcassets */ = {isa = PBXFileReference; lastKnownFileType = folder.assetcatalog; path = ALCameraViewAssets.xcassets; sourceTree = "<group>"; };
		B8A1C34B1B68420C0004916C /* ALImageModel.swift */ = {isa = PBXFileReference; fileEncoding = 4; lastKnownFileType = sourcecode.swift; path = ALImageModel.swift; sourceTree = "<group>"; };
		B8A1C34D1B68420C0004916C /* ALCameraShot.swift */ = {isa = PBXFileReference; fileEncoding = 4; lastKnownFileType = sourcecode.swift; path = ALCameraShot.swift; sourceTree = "<group>"; };
		B8A1C34E1B68420C0004916C /* ALImageFetchingInteractor.swift */ = {isa = PBXFileReference; fileEncoding = 4; lastKnownFileType = sourcecode.swift; path = ALImageFetchingInteractor.swift; sourceTree = "<group>"; };
		B8A1C34F1B68420C0004916C /* ALUtilities.swift */ = {isa = PBXFileReference; fileEncoding = 4; lastKnownFileType = sourcecode.swift; path = ALUtilities.swift; sourceTree = "<group>"; };
		B8A1C3511B68420C0004916C /* ALCameraViewController.swift */ = {isa = PBXFileReference; fileEncoding = 4; lastKnownFileType = sourcecode.swift; path = ALCameraViewController.swift; sourceTree = "<group>"; };
		B8A1C3521B68420C0004916C /* ALConfirmViewController.swift */ = {isa = PBXFileReference; fileEncoding = 4; lastKnownFileType = sourcecode.swift; path = ALConfirmViewController.swift; sourceTree = "<group>"; };
		B8A1C3531B68420C0004916C /* ALImagePickerViewController.swift */ = {isa = PBXFileReference; fileEncoding = 4; lastKnownFileType = sourcecode.swift; path = ALImagePickerViewController.swift; sourceTree = "<group>"; };
		B8A1C3541B68420C0004916C /* ALImagePickerViewDelegate.swift */ = {isa = PBXFileReference; fileEncoding = 4; lastKnownFileType = sourcecode.swift; path = ALImagePickerViewDelegate.swift; sourceTree = "<group>"; };
		B8A1C3561B68420C0004916C /* ALCameraView.swift */ = {isa = PBXFileReference; fileEncoding = 4; lastKnownFileType = sourcecode.swift; path = ALCameraView.swift; sourceTree = "<group>"; };
		B8A1C3571B68420C0004916C /* ALCropOverlay.swift */ = {isa = PBXFileReference; fileEncoding = 4; lastKnownFileType = sourcecode.swift; path = ALCropOverlay.swift; sourceTree = "<group>"; };
		B8A1C3581B68420C0004916C /* ALImageCell.swift */ = {isa = PBXFileReference; fileEncoding = 4; lastKnownFileType = sourcecode.swift; path = ALImageCell.swift; sourceTree = "<group>"; };
		B8A1C3591B68420C0004916C /* ALPermissionsView.swift */ = {isa = PBXFileReference; fileEncoding = 4; lastKnownFileType = sourcecode.swift; path = ALPermissionsView.swift; sourceTree = "<group>"; };
		B8AC46581B53143300A9A1FD /* Hungry.app */ = {isa = PBXFileReference; explicitFileType = wrapper.application; includeInIndex = 0; path = Hungry.app; sourceTree = BUILT_PRODUCTS_DIR; };
		B8AC465B1B53143300A9A1FD /* AppDelegate.swift */ = {isa = PBXFileReference; lastKnownFileType = sourcecode.swift; path = AppDelegate.swift; sourceTree = "<group>"; };
		B8AC465D1B53143300A9A1FD /* ViewController.swift */ = {isa = PBXFileReference; lastKnownFileType = sourcecode.swift; path = ViewController.swift; sourceTree = "<group>"; };
		B8AC46601B53143300A9A1FD /* Base */ = {isa = PBXFileReference; lastKnownFileType = file.storyboard; name = Base; path = Base.lproj/Main.storyboard; sourceTree = "<group>"; };
		B8AC46631B53143300A9A1FD /* Hungry.xcdatamodel */ = {isa = PBXFileReference; lastKnownFileType = wrapper.xcdatamodel; path = Hungry.xcdatamodel; sourceTree = "<group>"; };
		B8AC46651B53143300A9A1FD /* Assets.xcassets */ = {isa = PBXFileReference; lastKnownFileType = folder.assetcatalog; path = Assets.xcassets; sourceTree = "<group>"; };
		B8AC466A1B53143300A9A1FD /* Info.plist */ = {isa = PBXFileReference; lastKnownFileType = text.plist.xml; path = Info.plist; sourceTree = "<group>"; };
		B8AC466F1B53143300A9A1FD /* HungryTests.xctest */ = {isa = PBXFileReference; explicitFileType = wrapper.cfbundle; includeInIndex = 0; path = HungryTests.xctest; sourceTree = BUILT_PRODUCTS_DIR; };
		B8AC46731B53143300A9A1FD /* HungryTests.swift */ = {isa = PBXFileReference; lastKnownFileType = sourcecode.swift; path = HungryTests.swift; sourceTree = "<group>"; };
		B8AC46751B53143300A9A1FD /* Info.plist */ = {isa = PBXFileReference; lastKnownFileType = text.plist.xml; path = Info.plist; sourceTree = "<group>"; };
		B8AC467A1B53143300A9A1FD /* HungryUITests.xctest */ = {isa = PBXFileReference; explicitFileType = wrapper.cfbundle; includeInIndex = 0; path = HungryUITests.xctest; sourceTree = BUILT_PRODUCTS_DIR; };
		B8AC467E1B53143300A9A1FD /* HungryUITests.swift */ = {isa = PBXFileReference; lastKnownFileType = sourcecode.swift; path = HungryUITests.swift; sourceTree = "<group>"; };
		B8AC46801B53143300A9A1FD /* Info.plist */ = {isa = PBXFileReference; lastKnownFileType = text.plist.xml; path = Info.plist; sourceTree = "<group>"; };
		B8AC468C1B5314BD00A9A1FD /* FBSDKCoreKit.framework */ = {isa = PBXFileReference; lastKnownFileType = wrapper.framework; name = FBSDKCoreKit.framework; path = ../../Documents/FacebookSDK/FBSDKCoreKit.framework; sourceTree = "<group>"; };
		B8AC468D1B5314BD00A9A1FD /* FBSDKLoginKit.framework */ = {isa = PBXFileReference; lastKnownFileType = wrapper.framework; name = FBSDKLoginKit.framework; path = ../../Documents/FacebookSDK/FBSDKLoginKit.framework; sourceTree = "<group>"; };
		B8B87EDC1B54372C00DEFD60 /* RestApiManager.swift */ = {isa = PBXFileReference; fileEncoding = 4; lastKnownFileType = sourcecode.swift; path = RestApiManager.swift; sourceTree = "<group>"; };
		B8B87EDE1B54415700DEFD60 /* SwiftyJSON.swift */ = {isa = PBXFileReference; fileEncoding = 4; lastKnownFileType = sourcecode.swift; path = SwiftyJSON.swift; sourceTree = "<group>"; };
		B8C454011B54249600A80437 /* SecondViewController.swift */ = {isa = PBXFileReference; fileEncoding = 4; lastKnownFileType = sourcecode.swift; path = SecondViewController.swift; sourceTree = "<group>"; };
		B8C454031B54263B00A80437 /* Default-568h@2x.png */ = {isa = PBXFileReference; lastKnownFileType = image.png; path = "Default-568h@2x.png"; sourceTree = "<group>"; };
		B8C5A1B81B5516E400EF437B /* GPS_Calculator.swift */ = {isa = PBXFileReference; fileEncoding = 4; lastKnownFileType = sourcecode.swift; path = GPS_Calculator.swift; sourceTree = "<group>"; };
		B8F7DA0A1B56D1F900D9C6B7 /* ThirdViewController.swift */ = {isa = PBXFileReference; fileEncoding = 4; lastKnownFileType = sourcecode.swift; path = ThirdViewController.swift; sourceTree = "<group>"; };
		B8F90E051B656F08003A5E1C /* FilterViewController.swift */ = {isa = PBXFileReference; fileEncoding = 4; lastKnownFileType = sourcecode.swift; path = FilterViewController.swift; sourceTree = "<group>"; };
		B8F90E081B657B3D003A5E1C /* Images.xcassets */ = {isa = PBXFileReference; lastKnownFileType = folder.assetcatalog; path = Images.xcassets; sourceTree = "<group>"; };
		B8F90E0A1B65887B003A5E1C /* FavList.swift */ = {isa = PBXFileReference; fileEncoding = 4; lastKnownFileType = sourcecode.swift; path = FavList.swift; sourceTree = "<group>"; };
/* End PBXFileReference section */

/* Begin PBXFrameworksBuildPhase section */
		B8AC46551B53143300A9A1FD /* Frameworks */ = {
			isa = PBXFrameworksBuildPhase;
			buildActionMask = 2147483647;
			files = (
				B85C46731B66942B00588494 /* FBSDKShareKit.framework in Frameworks */,
				B896ACF51B62BBCB004A218C /* CoreLocation.framework in Frameworks */,
				B8AC468F1B5314BD00A9A1FD /* FBSDKLoginKit.framework in Frameworks */,
				B8730A6F1B5C2E2000EAAAA0 /* MapKit.framework in Frameworks */,
				B8AC468E1B5314BD00A9A1FD /* FBSDKCoreKit.framework in Frameworks */,
			);
			runOnlyForDeploymentPostprocessing = 0;
		};
		B8AC466C1B53143300A9A1FD /* Frameworks */ = {
			isa = PBXFrameworksBuildPhase;
			buildActionMask = 2147483647;
			files = (
			);
			runOnlyForDeploymentPostprocessing = 0;
		};
		B8AC46771B53143300A9A1FD /* Frameworks */ = {
			isa = PBXFrameworksBuildPhase;
			buildActionMask = 2147483647;
			files = (
			);
			runOnlyForDeploymentPostprocessing = 0;
		};
/* End PBXFrameworksBuildPhase section */

/* Begin PBXGroup section */
		B87125B31B595AED0002BE46 /* Res */ = {
			isa = PBXGroup;
			children = (
				B8521AB31B6A345800DC5A83 /* icon_heart.png */,
				B8521ABB1B6A346C00DC5A83 /* icon_thumb_down.png */,
				B8521AB71B6A346300DC5A83 /* icon_info.png */,
				B8521AB91B6A346800DC5A83 /* icon_thumb.png */,
				B8521AB11B6A320500DC5A83 /* 55e2542c82f8e48c502381d8cbc78b15.jpg */,
				B8521A941B696C1800DC5A83 /* placeholder-camera-green.png */,
				B8521A951B696C1800DC5A83 /* placeholder_large.png */,
				B8521AB51B6A345B00DC5A83 /* icon_yelp.png */,
				B85C46761B66AFE600588494 /* filterBG.jpg */,
				B8521A881B690AF100DC5A83 /* placeholder.png */,
				B85C46781B66B0D600588494 /* pink.jpg */,
				B8730A621B5AB43500EAAAA0 /* Load.png */,
				B87125B81B59609A0002BE46 /* Cancel.png */,
				B87125B91B59609A0002BE46 /* Mark.png */,
				B87125B61B595D740002BE46 /* Stars.png */,
				B87125B41B595AED0002BE46 /* Heart.png */,
			);
			path = Res;
			sourceTree = "<group>";
		};
		B87125BC1B5A964F0002BE46 /* MainFrame */ = {
			isa = PBXGroup;
			children = (
				B8730A5E1B5AA2DB00EAAAA0 /* Widget.swift */,
				B8730A5F1B5AA2DB00EAAAA0 /* Widget.xib */,
			);
			name = MainFrame;
			sourceTree = "<group>";
		};
		B8730A721B5D3A9A00EAAAA0 /* Helper */ = {
			isa = PBXGroup;
			children = (
				B8A1C3471B68420C0004916C /* ALCameraViewController */,
				B8B87EDE1B54415700DEFD60 /* SwiftyJSON.swift */,
				B87125AC1B592E7E0002BE46 /* JSONData.swift */,
				B8F90E081B657B3D003A5E1C /* Images.xcassets */,
				B8B87EDC1B54372C00DEFD60 /* RestApiManager.swift */,
				B8521AA51B69B13200DC5A83 /* FriendClass.swift */,
				B8521AAB1B6A045000DC5A83 /* FBInfo.swift */,
				B8730A701B5C2EE100EAAAA0 /* MapController.swift */,
				B8730A6C1B5C2A6D00EAAAA0 /* MapAnnotations.swift */,
				B8521AA91B69FDBF00DC5A83 /* FriendCell.swift */,
				B87125AE1B593A050002BE46 /* Threading.swift */,
				B8C5A1B81B5516E400EF437B /* GPS_Calculator.swift */,
				B82A90B71B62C0BC00D527D2 /* FindMyCoords.swift */,
				B8F90E0A1B65887B003A5E1C /* FavList.swift */,
				B8981E391B666967000A5C42 /* PlistManager.swift */,
			);
			name = Helper;
			sourceTree = "<group>";
		};
		B8A1C30B1B680B9A0004916C /* HTTP */ = {
			isa = PBXGroup;
			children = (
				B8521A8A1B690B0800DC5A83 /* Just.swift */,
			);
			path = HTTP;
			sourceTree = "<group>";
		};
		B8A1C3471B68420C0004916C /* ALCameraViewController */ = {
			isa = PBXGroup;
			children = (
				B8A1C3481B68420C0004916C /* ALCameraView.strings */,
				B8A1C3491B68420C0004916C /* ALCameraViewAssets.xcassets */,
				B8A1C34A1B68420C0004916C /* Models */,
				B8A1C34C1B68420C0004916C /* Utilities */,
				B8A1C3501B68420C0004916C /* ViewController */,
				B8A1C3551B68420C0004916C /* Views */,
			);
			path = ALCameraViewController;
			sourceTree = "<group>";
		};
		B8A1C34A1B68420C0004916C /* Models */ = {
			isa = PBXGroup;
			children = (
				B8A1C34B1B68420C0004916C /* ALImageModel.swift */,
			);
			path = Models;
			sourceTree = "<group>";
		};
		B8A1C34C1B68420C0004916C /* Utilities */ = {
			isa = PBXGroup;
			children = (
				B8A1C34D1B68420C0004916C /* ALCameraShot.swift */,
				B8A1C34E1B68420C0004916C /* ALImageFetchingInteractor.swift */,
				B8A1C34F1B68420C0004916C /* ALUtilities.swift */,
			);
			path = Utilities;
			sourceTree = "<group>";
		};
		B8A1C3501B68420C0004916C /* ViewController */ = {
			isa = PBXGroup;
			children = (
				B8A1C3511B68420C0004916C /* ALCameraViewController.swift */,
				B8A1C3521B68420C0004916C /* ALConfirmViewController.swift */,
				B8A1C3531B68420C0004916C /* ALImagePickerViewController.swift */,
				B8A1C3541B68420C0004916C /* ALImagePickerViewDelegate.swift */,
			);
			path = ViewController;
			sourceTree = "<group>";
		};
		B8A1C3551B68420C0004916C /* Views */ = {
			isa = PBXGroup;
			children = (
				B8A1C3561B68420C0004916C /* ALCameraView.swift */,
				B8A1C3571B68420C0004916C /* ALCropOverlay.swift */,
				B8A1C3581B68420C0004916C /* ALImageCell.swift */,
				B8A1C3591B68420C0004916C /* ALPermissionsView.swift */,
			);
			path = Views;
			sourceTree = "<group>";
		};
		B8AC464F1B53143300A9A1FD = {
			isa = PBXGroup;
			children = (
				B8730A6E1B5C2E2000EAAAA0 /* MapKit.framework */,
				B8AC468C1B5314BD00A9A1FD /* FBSDKCoreKit.framework */,
				B8AC468D1B5314BD00A9A1FD /* FBSDKLoginKit.framework */,
				B85C46721B66942B00588494 /* FBSDKShareKit.framework */,
				B896ACF41B62BBCB004A218C /* CoreLocation.framework */,
				B8655DAB1B5F16F1003D465F /* Default.png */,
				B8C454031B54263B00A80437 /* Default-568h@2x.png */,
				B8AC465A1B53143300A9A1FD /* Hungry */,
				B8AC46721B53143300A9A1FD /* HungryTests */,
				B8AC467D1B53143300A9A1FD /* HungryUITests */,
				B8AC46591B53143300A9A1FD /* Products */,
			);
			sourceTree = "<group>";
		};
		B8AC46591B53143300A9A1FD /* Products */ = {
			isa = PBXGroup;
			children = (
				B8AC46581B53143300A9A1FD /* Hungry.app */,
				B8AC466F1B53143300A9A1FD /* HungryTests.xctest */,
				B8AC467A1B53143300A9A1FD /* HungryUITests.xctest */,
			);
			name = Products;
			sourceTree = "<group>";
		};
		B8AC465A1B53143300A9A1FD /* Hungry */ = {
			isa = PBXGroup;
			children = (
				B8730A721B5D3A9A00EAAAA0 /* Helper */,
				B87125BC1B5A964F0002BE46 /* MainFrame */,
				B87125B31B595AED0002BE46 /* Res */,
				B8AC465B1B53143300A9A1FD /* AppDelegate.swift */,
				B8AC465D1B53143300A9A1FD /* ViewController.swift */,
				B8C454011B54249600A80437 /* SecondViewController.swift */,
				B8981E3C1B667655000A5C42 /* Favoriten.plist */,
				B8521AAF1B6A1F2300DC5A83 /* HistoryViewController.swift */,
				B8981E381B666967000A5C42 /* FourthViewController.swift */,
				B8730A6A1B5C242000EAAAA0 /* MapDetailController.swift */,
				B8521A771B6843E000DC5A83 /* CameraViewController.swift */,
				B8521AA71B69F64600DC5A83 /* FriendViewController.swift */,
				B8F7DA0A1B56D1F900D9C6B7 /* ThirdViewController.swift */,
				B8730A681B5BFCBC00EAAAA0 /* ThirdViewControllerDetail.swift */,
				B8AC465F1B53143300A9A1FD /* Main.storyboard */,
				B8A1C30B1B680B9A0004916C /* HTTP */,
				B8A1C3061B680A900004916C /* Upload_Test.swift */,
				B8F90E051B656F08003A5E1C /* FilterViewController.swift */,
				B8AC46651B53143300A9A1FD /* Assets.xcassets */,
				B8AC466A1B53143300A9A1FD /* Info.plist */,
				B8AC46621B53143300A9A1FD /* Hungry.xcdatamodeld */,
			);
			path = Hungry;
			sourceTree = "<group>";
		};
		B8AC46721B53143300A9A1FD /* HungryTests */ = {
			isa = PBXGroup;
			children = (
				B8AC46731B53143300A9A1FD /* HungryTests.swift */,
				B8AC46751B53143300A9A1FD /* Info.plist */,
			);
			path = HungryTests;
			sourceTree = "<group>";
		};
		B8AC467D1B53143300A9A1FD /* HungryUITests */ = {
			isa = PBXGroup;
			children = (
				B8AC467E1B53143300A9A1FD /* HungryUITests.swift */,
				B8AC46801B53143300A9A1FD /* Info.plist */,
			);
			path = HungryUITests;
			sourceTree = "<group>";
		};
/* End PBXGroup section */

/* Begin PBXNativeTarget section */
		B8AC46571B53143300A9A1FD /* Hungry */ = {
			isa = PBXNativeTarget;
			buildConfigurationList = B8AC46831B53143300A9A1FD /* Build configuration list for PBXNativeTarget "Hungry" */;
			buildPhases = (
				B8AC46541B53143300A9A1FD /* Sources */,
				B8AC46551B53143300A9A1FD /* Frameworks */,
				B8AC46561B53143300A9A1FD /* Resources */,
			);
			buildRules = (
			);
			dependencies = (
			);
			name = Hungry;
			productName = Hungry;
			productReference = B8AC46581B53143300A9A1FD /* Hungry.app */;
			productType = "com.apple.product-type.application";
		};
		B8AC466E1B53143300A9A1FD /* HungryTests */ = {
			isa = PBXNativeTarget;
			buildConfigurationList = B8AC46861B53143300A9A1FD /* Build configuration list for PBXNativeTarget "HungryTests" */;
			buildPhases = (
				B8AC466B1B53143300A9A1FD /* Sources */,
				B8AC466C1B53143300A9A1FD /* Frameworks */,
				B8AC466D1B53143300A9A1FD /* Resources */,
			);
			buildRules = (
			);
			dependencies = (
				B8AC46711B53143300A9A1FD /* PBXTargetDependency */,
			);
			name = HungryTests;
			productName = HungryTests;
			productReference = B8AC466F1B53143300A9A1FD /* HungryTests.xctest */;
			productType = "com.apple.product-type.bundle.unit-test";
		};
		B8AC46791B53143300A9A1FD /* HungryUITests */ = {
			isa = PBXNativeTarget;
			buildConfigurationList = B8AC46891B53143300A9A1FD /* Build configuration list for PBXNativeTarget "HungryUITests" */;
			buildPhases = (
				B8AC46761B53143300A9A1FD /* Sources */,
				B8AC46771B53143300A9A1FD /* Frameworks */,
				B8AC46781B53143300A9A1FD /* Resources */,
			);
			buildRules = (
			);
			dependencies = (
				B8AC467C1B53143300A9A1FD /* PBXTargetDependency */,
			);
			name = HungryUITests;
			productName = HungryUITests;
			productReference = B8AC467A1B53143300A9A1FD /* HungryUITests.xctest */;
			productType = "com.apple.product-type.bundle.ui-testing";
		};
/* End PBXNativeTarget section */

/* Begin PBXProject section */
		B8AC46501B53143300A9A1FD /* Project object */ = {
			isa = PBXProject;
			attributes = {
				LastUpgradeCheck = 0700;
				ORGANIZATIONNAME = "Goran Vukovic";
				TargetAttributes = {
					B8AC46571B53143300A9A1FD = {
						CreatedOnToolsVersion = 7.0;
						SystemCapabilities = {
							com.apple.Maps.iOS = {
								enabled = 1;
							};
						};
					};
					B8AC466E1B53143300A9A1FD = {
						CreatedOnToolsVersion = 7.0;
						TestTargetID = B8AC46571B53143300A9A1FD;
					};
					B8AC46791B53143300A9A1FD = {
						CreatedOnToolsVersion = 7.0;
						TestTargetID = B8AC46571B53143300A9A1FD;
					};
				};
			};
			buildConfigurationList = B8AC46531B53143300A9A1FD /* Build configuration list for PBXProject "Hungry" */;
			compatibilityVersion = "Xcode 3.2";
			developmentRegion = English;
			hasScannedForEncodings = 0;
			knownRegions = (
				en,
				Base,
			);
			mainGroup = B8AC464F1B53143300A9A1FD;
			productRefGroup = B8AC46591B53143300A9A1FD /* Products */;
			projectDirPath = "";
			projectRoot = "";
			targets = (
				B8AC46571B53143300A9A1FD /* Hungry */,
				B8AC466E1B53143300A9A1FD /* HungryTests */,
				B8AC46791B53143300A9A1FD /* HungryUITests */,
			);
		};
/* End PBXProject section */

/* Begin PBXResourcesBuildPhase section */
		B8AC46561B53143300A9A1FD /* Resources */ = {
			isa = PBXResourcesBuildPhase;
			buildActionMask = 2147483647;
			files = (
				B8521ABC1B6A346C00DC5A83 /* icon_thumb_down.png in Resources */,
				B8521AB61B6A345B00DC5A83 /* icon_yelp.png in Resources */,
				B8521AB21B6A320500DC5A83 /* 55e2542c82f8e48c502381d8cbc78b15.jpg in Resources */,
				B8A1C35A1B68420C0004916C /* ALCameraView.strings in Resources */,
				B8521A971B696C1800DC5A83 /* placeholder_large.png in Resources */,
				B87125B51B595AED0002BE46 /* Heart.png in Resources */,
				B8521A891B690AF100DC5A83 /* placeholder.png in Resources */,
				B87125BA1B59609A0002BE46 /* Cancel.png in Resources */,
				B8655DAC1B5F16F1003D465F /* Default.png in Resources */,
				B8730A631B5AB43500EAAAA0 /* Load.png in Resources */,
				B8521AB41B6A345800DC5A83 /* icon_heart.png in Resources */,
				B8521AB81B6A346300DC5A83 /* icon_info.png in Resources */,
				B8F90E091B657B3D003A5E1C /* Images.xcassets in Resources */,
				B8521A961B696C1800DC5A83 /* placeholder-camera-green.png in Resources */,
				B87125B71B595D740002BE46 /* Stars.png in Resources */,
				B8730A611B5AA2DB00EAAAA0 /* Widget.xib in Resources */,
				B8AC46661B53143300A9A1FD /* Assets.xcassets in Resources */,
				B8AC46611B53143300A9A1FD /* Main.storyboard in Resources */,
				B8521ABA1B6A346800DC5A83 /* icon_thumb.png in Resources */,
				B87125BB1B59609A0002BE46 /* Mark.png in Resources */,
				B8A1C35B1B68420C0004916C /* ALCameraViewAssets.xcassets in Resources */,
				B8C454041B54263B00A80437 /* Default-568h@2x.png in Resources */,
				B85C46771B66AFE600588494 /* filterBG.jpg in Resources */,
				B8981E3D1B667655000A5C42 /* Favoriten.plist in Resources */,
				B85C46791B66B0D600588494 /* pink.jpg in Resources */,
			);
			runOnlyForDeploymentPostprocessing = 0;
		};
		B8AC466D1B53143300A9A1FD /* Resources */ = {
			isa = PBXResourcesBuildPhase;
			buildActionMask = 2147483647;
			files = (
			);
			runOnlyForDeploymentPostprocessing = 0;
		};
		B8AC46781B53143300A9A1FD /* Resources */ = {
			isa = PBXResourcesBuildPhase;
			buildActionMask = 2147483647;
			files = (
			);
			runOnlyForDeploymentPostprocessing = 0;
		};
/* End PBXResourcesBuildPhase section */

/* Begin PBXSourcesBuildPhase section */
		B8AC46541B53143300A9A1FD /* Sources */ = {
			isa = PBXSourcesBuildPhase;
			buildActionMask = 2147483647;
			files = (
				B8981E3B1B666967000A5C42 /* PlistManager.swift in Sources */,
				B8521AAA1B69FDBF00DC5A83 /* FriendCell.swift in Sources */,
				B87125AF1B593A050002BE46 /* Threading.swift in Sources */,
				B8730A6D1B5C2A6D00EAAAA0 /* MapAnnotations.swift in Sources */,
				B8B87EDD1B54372C00DEFD60 /* RestApiManager.swift in Sources */,
				B8981E3A1B666967000A5C42 /* FourthViewController.swift in Sources */,
				B8F90E061B656F08003A5E1C /* FilterViewController.swift in Sources */,
				B8C454021B54249600A80437 /* SecondViewController.swift in Sources */,
				B8C5A1B91B5516E400EF437B /* GPS_Calculator.swift in Sources */,
				B8AC46641B53143300A9A1FD /* Hungry.xcdatamodeld in Sources */,
				B8A1C35F1B68420C0004916C /* ALUtilities.swift in Sources */,
				B8B87EDF1B54415700DEFD60 /* SwiftyJSON.swift in Sources */,
				B8AC465E1B53143300A9A1FD /* ViewController.swift in Sources */,
				B8730A691B5BFCBC00EAAAA0 /* ThirdViewControllerDetail.swift in Sources */,
				B8F7DA0B1B56D1F900D9C6B7 /* ThirdViewController.swift in Sources */,
				B8AC465C1B53143300A9A1FD /* AppDelegate.swift in Sources */,
				B8A1C3071B680A900004916C /* Upload_Test.swift in Sources */,
				B8521A781B6843E000DC5A83 /* CameraViewController.swift in Sources */,
				B8A1C3631B68420C0004916C /* ALImagePickerViewDelegate.swift in Sources */,
				B8A1C3611B68420C0004916C /* ALConfirmViewController.swift in Sources */,
				B8521AA61B69B13200DC5A83 /* FriendClass.swift in Sources */,
				B8A1C35D1B68420C0004916C /* ALCameraShot.swift in Sources */,
				B87125AD1B592E7E0002BE46 /* JSONData.swift in Sources */,
				B8521AB01B6A1F2300DC5A83 /* HistoryViewController.swift in Sources */,
				B8F90E0B1B65887B003A5E1C /* FavList.swift in Sources */,
				B8521AA81B69F64600DC5A83 /* FriendViewController.swift in Sources */,
				B8A1C3651B68420C0004916C /* ALCropOverlay.swift in Sources */,
				B8730A6B1B5C242000EAAAA0 /* MapDetailController.swift in Sources */,
				B8A1C3621B68420C0004916C /* ALImagePickerViewController.swift in Sources */,
				B8A1C35C1B68420C0004916C /* ALImageModel.swift in Sources */,
				B8730A711B5C2EE100EAAAA0 /* MapController.swift in Sources */,
				B8A1C3601B68420C0004916C /* ALCameraViewController.swift in Sources */,
				B8521A8B1B690B0800DC5A83 /* Just.swift in Sources */,
				B82A90B81B62C0BC00D527D2 /* FindMyCoords.swift in Sources */,
				B8A1C3641B68420C0004916C /* ALCameraView.swift in Sources */,
				B8730A601B5AA2DB00EAAAA0 /* Widget.swift in Sources */,
				B8A1C35E1B68420C0004916C /* ALImageFetchingInteractor.swift in Sources */,
				B8521AAC1B6A045000DC5A83 /* FBInfo.swift in Sources */,
				B8A1C3671B68420C0004916C /* ALPermissionsView.swift in Sources */,
				B8A1C3661B68420C0004916C /* ALImageCell.swift in Sources */,
			);
			runOnlyForDeploymentPostprocessing = 0;
		};
		B8AC466B1B53143300A9A1FD /* Sources */ = {
			isa = PBXSourcesBuildPhase;
			buildActionMask = 2147483647;
			files = (
				B8AC46741B53143300A9A1FD /* HungryTests.swift in Sources */,
			);
			runOnlyForDeploymentPostprocessing = 0;
		};
		B8AC46761B53143300A9A1FD /* Sources */ = {
			isa = PBXSourcesBuildPhase;
			buildActionMask = 2147483647;
			files = (
				B8AC467F1B53143300A9A1FD /* HungryUITests.swift in Sources */,
			);
			runOnlyForDeploymentPostprocessing = 0;
		};
/* End PBXSourcesBuildPhase section */

/* Begin PBXTargetDependency section */
		B8AC46711B53143300A9A1FD /* PBXTargetDependency */ = {
			isa = PBXTargetDependency;
			target = B8AC46571B53143300A9A1FD /* Hungry */;
			targetProxy = B8AC46701B53143300A9A1FD /* PBXContainerItemProxy */;
		};
		B8AC467C1B53143300A9A1FD /* PBXTargetDependency */ = {
			isa = PBXTargetDependency;
			target = B8AC46571B53143300A9A1FD /* Hungry */;
			targetProxy = B8AC467B1B53143300A9A1FD /* PBXContainerItemProxy */;
		};
/* End PBXTargetDependency section */

/* Begin PBXVariantGroup section */
		B8AC465F1B53143300A9A1FD /* Main.storyboard */ = {
			isa = PBXVariantGroup;
			children = (
				B8AC46601B53143300A9A1FD /* Base */,
			);
			name = Main.storyboard;
			sourceTree = "<group>";
		};
/* End PBXVariantGroup section */

/* Begin XCBuildConfiguration section */
		B8AC46811B53143300A9A1FD /* Debug */ = {
			isa = XCBuildConfiguration;
			buildSettings = {
				ALWAYS_SEARCH_USER_PATHS = NO;
				CLANG_CXX_LANGUAGE_STANDARD = "gnu++0x";
				CLANG_CXX_LIBRARY = "libc++";
				CLANG_ENABLE_MODULES = YES;
				CLANG_ENABLE_OBJC_ARC = YES;
				CLANG_WARN_BOOL_CONVERSION = YES;
				CLANG_WARN_CONSTANT_CONVERSION = YES;
				CLANG_WARN_DIRECT_OBJC_ISA_USAGE = YES_ERROR;
				CLANG_WARN_EMPTY_BODY = YES;
				CLANG_WARN_ENUM_CONVERSION = YES;
				CLANG_WARN_INT_CONVERSION = YES;
				CLANG_WARN_OBJC_ROOT_CLASS = YES_ERROR;
				CLANG_WARN_UNREACHABLE_CODE = YES;
				CLANG_WARN__DUPLICATE_METHOD_MATCH = YES;
				"CODE_SIGN_IDENTITY[sdk=iphoneos*]" = "iPhone Developer";
				COPY_PHASE_STRIP = NO;
				DEBUG_INFORMATION_FORMAT = dwarf;
				ENABLE_STRICT_OBJC_MSGSEND = YES;
				ENABLE_TESTABILITY = YES;
				GCC_C_LANGUAGE_STANDARD = gnu99;
				GCC_DYNAMIC_NO_PIC = NO;
				GCC_NO_COMMON_BLOCKS = YES;
				GCC_OPTIMIZATION_LEVEL = 0;
				GCC_PREPROCESSOR_DEFINITIONS = (
					"DEBUG=1",
					"$(inherited)",
				);
				GCC_WARN_64_TO_32_BIT_CONVERSION = YES;
				GCC_WARN_ABOUT_RETURN_TYPE = YES_ERROR;
				GCC_WARN_UNDECLARED_SELECTOR = YES;
				GCC_WARN_UNINITIALIZED_AUTOS = YES_AGGRESSIVE;
				GCC_WARN_UNUSED_FUNCTION = YES;
				GCC_WARN_UNUSED_VARIABLE = YES;
				IPHONEOS_DEPLOYMENT_TARGET = 9.0;
				MTL_ENABLE_DEBUG_INFO = YES;
				ONLY_ACTIVE_ARCH = YES;
				SDKROOT = iphoneos;
				SWIFT_OPTIMIZATION_LEVEL = "-Onone";
			};
			name = Debug;
		};
		B8AC46821B53143300A9A1FD /* Release */ = {
			isa = XCBuildConfiguration;
			buildSettings = {
				ALWAYS_SEARCH_USER_PATHS = NO;
				CLANG_CXX_LANGUAGE_STANDARD = "gnu++0x";
				CLANG_CXX_LIBRARY = "libc++";
				CLANG_ENABLE_MODULES = YES;
				CLANG_ENABLE_OBJC_ARC = YES;
				CLANG_WARN_BOOL_CONVERSION = YES;
				CLANG_WARN_CONSTANT_CONVERSION = YES;
				CLANG_WARN_DIRECT_OBJC_ISA_USAGE = YES_ERROR;
				CLANG_WARN_EMPTY_BODY = YES;
				CLANG_WARN_ENUM_CONVERSION = YES;
				CLANG_WARN_INT_CONVERSION = YES;
				CLANG_WARN_OBJC_ROOT_CLASS = YES_ERROR;
				CLANG_WARN_UNREACHABLE_CODE = YES;
				CLANG_WARN__DUPLICATE_METHOD_MATCH = YES;
				"CODE_SIGN_IDENTITY[sdk=iphoneos*]" = "iPhone Developer";
				COPY_PHASE_STRIP = NO;
				DEBUG_INFORMATION_FORMAT = "dwarf-with-dsym";
				ENABLE_NS_ASSERTIONS = NO;
				ENABLE_STRICT_OBJC_MSGSEND = YES;
				GCC_C_LANGUAGE_STANDARD = gnu99;
				GCC_NO_COMMON_BLOCKS = YES;
				GCC_WARN_64_TO_32_BIT_CONVERSION = YES;
				GCC_WARN_ABOUT_RETURN_TYPE = YES_ERROR;
				GCC_WARN_UNDECLARED_SELECTOR = YES;
				GCC_WARN_UNINITIALIZED_AUTOS = YES_AGGRESSIVE;
				GCC_WARN_UNUSED_FUNCTION = YES;
				GCC_WARN_UNUSED_VARIABLE = YES;
				IPHONEOS_DEPLOYMENT_TARGET = 9.0;
				MTL_ENABLE_DEBUG_INFO = NO;
				SDKROOT = iphoneos;
				VALIDATE_PRODUCT = YES;
			};
			name = Release;
		};
		B8AC46841B53143300A9A1FD /* Debug */ = {
			isa = XCBuildConfiguration;
			buildSettings = {
				ALWAYS_SEARCH_USER_PATHS = YES;
				ASSETCATALOG_COMPILER_APPICON_NAME = AppIcon;
				ENABLE_BITCODE = NO;
				FRAMEWORK_SEARCH_PATHS = "/Users/$(USER)/Documents/FacebookSDK";
				INFOPLIST_FILE = Hungry/Info.plist;
				LD_RUNPATH_SEARCH_PATHS = "$(inherited) @executable_path/Frameworks";
				PRODUCT_BUNDLE_IDENTIFIER = BeBiGo.Hungry;
				PRODUCT_NAME = "$(TARGET_NAME)";
			};
			name = Debug;
		};
		B8AC46851B53143300A9A1FD /* Release */ = {
			isa = XCBuildConfiguration;
			buildSettings = {
				ALWAYS_SEARCH_USER_PATHS = YES;
				ASSETCATALOG_COMPILER_APPICON_NAME = AppIcon;
				ENABLE_BITCODE = NO;
				FRAMEWORK_SEARCH_PATHS = "/Users/$(USER)/Documents/FacebookSDK";
				INFOPLIST_FILE = Hungry/Info.plist;
				LD_RUNPATH_SEARCH_PATHS = "$(inherited) @executable_path/Frameworks";
				PRODUCT_BUNDLE_IDENTIFIER = BeBiGo.Hungry;
				PRODUCT_NAME = "$(TARGET_NAME)";
			};
			name = Release;
		};
		B8AC46871B53143300A9A1FD /* Debug */ = {
			isa = XCBuildConfiguration;
			buildSettings = {
				BUNDLE_LOADER = "$(TEST_HOST)";
				INFOPLIST_FILE = HungryTests/Info.plist;
				LD_RUNPATH_SEARCH_PATHS = "$(inherited) @executable_path/Frameworks @loader_path/Frameworks";
				PRODUCT_BUNDLE_IDENTIFIER = BeBiGo.HungryTests;
				PRODUCT_NAME = "$(TARGET_NAME)";
				TEST_HOST = "$(BUILT_PRODUCTS_DIR)/Hungry.app/Hungry";
			};
			name = Debug;
		};
		B8AC46881B53143300A9A1FD /* Release */ = {
			isa = XCBuildConfiguration;
			buildSettings = {
				BUNDLE_LOADER = "$(TEST_HOST)";
				INFOPLIST_FILE = HungryTests/Info.plist;
				LD_RUNPATH_SEARCH_PATHS = "$(inherited) @executable_path/Frameworks @loader_path/Frameworks";
				PRODUCT_BUNDLE_IDENTIFIER = BeBiGo.HungryTests;
				PRODUCT_NAME = "$(TARGET_NAME)";
				TEST_HOST = "$(BUILT_PRODUCTS_DIR)/Hungry.app/Hungry";
			};
			name = Release;
		};
		B8AC468A1B53143300A9A1FD /* Debug */ = {
			isa = XCBuildConfiguration;
			buildSettings = {
				INFOPLIST_FILE = HungryUITests/Info.plist;
				LD_RUNPATH_SEARCH_PATHS = "$(inherited) @executable_path/Frameworks @loader_path/Frameworks";
				PRODUCT_BUNDLE_IDENTIFIER = BeBiGo.HungryUITests;
				PRODUCT_NAME = "$(TARGET_NAME)";
				TEST_TARGET_NAME = Hungry;
				USES_XCTRUNNER = YES;
			};
			name = Debug;
		};
		B8AC468B1B53143300A9A1FD /* Release */ = {
			isa = XCBuildConfiguration;
			buildSettings = {
				INFOPLIST_FILE = HungryUITests/Info.plist;
				LD_RUNPATH_SEARCH_PATHS = "$(inherited) @executable_path/Frameworks @loader_path/Frameworks";
				PRODUCT_BUNDLE_IDENTIFIER = BeBiGo.HungryUITests;
				PRODUCT_NAME = "$(TARGET_NAME)";
				TEST_TARGET_NAME = Hungry;
				USES_XCTRUNNER = YES;
			};
			name = Release;
		};
/* End XCBuildConfiguration section */

/* Begin XCConfigurationList section */
		B8AC46531B53143300A9A1FD /* Build configuration list for PBXProject "Hungry" */ = {
			isa = XCConfigurationList;
			buildConfigurations = (
				B8AC46811B53143300A9A1FD /* Debug */,
				B8AC46821B53143300A9A1FD /* Release */,
			);
			defaultConfigurationIsVisible = 0;
			defaultConfigurationName = Release;
		};
		B8AC46831B53143300A9A1FD /* Build configuration list for PBXNativeTarget "Hungry" */ = {
			isa = XCConfigurationList;
			buildConfigurations = (
				B8AC46841B53143300A9A1FD /* Debug */,
				B8AC46851B53143300A9A1FD /* Release */,
			);
			defaultConfigurationIsVisible = 0;
			defaultConfigurationName = Release;
		};
		B8AC46861B53143300A9A1FD /* Build configuration list for PBXNativeTarget "HungryTests" */ = {
			isa = XCConfigurationList;
			buildConfigurations = (
				B8AC46871B53143300A9A1FD /* Debug */,
				B8AC46881B53143300A9A1FD /* Release */,
			);
			defaultConfigurationIsVisible = 0;
			defaultConfigurationName = Release;
		};
		B8AC46891B53143300A9A1FD /* Build configuration list for PBXNativeTarget "HungryUITests" */ = {
			isa = XCConfigurationList;
			buildConfigurations = (
				B8AC468A1B53143300A9A1FD /* Debug */,
				B8AC468B1B53143300A9A1FD /* Release */,
			);
			defaultConfigurationIsVisible = 0;
			defaultConfigurationName = Release;
		};
/* End XCConfigurationList section */

/* Begin XCVersionGroup section */
		B8AC46621B53143300A9A1FD /* Hungry.xcdatamodeld */ = {
			isa = XCVersionGroup;
			children = (
				B8AC46631B53143300A9A1FD /* Hungry.xcdatamodel */,
			);
			currentVersion = B8AC46631B53143300A9A1FD /* Hungry.xcdatamodel */;
			path = Hungry.xcdatamodeld;
			sourceTree = "<group>";
			versionGroupType = wrapper.xcdatamodel;
		};
/* End XCVersionGroup section */
	};
	rootObject = B8AC46501B53143300A9A1FD /* Project object */;
}
